
Microsoft Visual Studio Solution File, Format Version 12.00
# Visual Studio Version 17
VisualStudioVersion = 17.9.34728.123
MinimumVisualStudioVersion = 10.0.40219.1
Project("{8BC9CEB8-8B4A-11D0-8D11-00A0C91BC942}") = "n-body", "n-body\n-body.vcxproj", "{1AB0D996-8A17-49CF-A9A2-46D8C244262D}"
EndProject
Project("{888888A0-9F3D-457C-B088-3A5042F75D52}") = "avarage_metrics", "avarage_metrics\avarage_metrics.pyproj", "{357944B0-FD38-4368-B8A5-F149250D398C}"
EndProject
Global
	GlobalSection(SolutionConfigurationPlatforms) = preSolution
		Debug|Any CPU = Debug|Any CPU
		Debug|x64 = Debug|x64
		Debug|x86 = Debug|x86
		Release|Any CPU = Release|Any CPU
		Release|x64 = Release|x64
		Release|x86 = Release|x86
	EndGlobalSection
	GlobalSection(ProjectConfigurationPlatforms) = postSolution
		{1AB0D996-8A17-49CF-A9A2-46D8C244262D}.Debug|Any CPU.ActiveCfg = Debug|x64
		{1AB0D996-8A17-49CF-A9A2-46D8C244262D}.Debug|Any CPU.Build.0 = Debug|x64
		{1AB0D996-8A17-49CF-A9A2-46D8C244262D}.Debug|x64.ActiveCfg = Debug|x64
		{1AB0D996-8A17-49CF-A9A2-46D8C244262D}.Debug|x64.Build.0 = Debug|x64
		{1AB0D996-8A17-49CF-A9A2-46D8C244262D}.Debug|x86.ActiveCfg = Debug|Win32
		{1AB0D996-8A17-49CF-A9A2-46D8C244262D}.Debug|x86.Build.0 = Debug|Win32
		{1AB0D996-8A17-49CF-A9A2-46D8C244262D}.Release|Any CPU.ActiveCfg = Release|x64
		{1AB0D996-8A17-49CF-A9A2-46D8C244262D}.Release|Any CPU.Build.0 = Release|x64
		{1AB0D996-8A17-49CF-A9A2-46D8C244262D}.Release|x64.ActiveCfg = Release|x64
		{1AB0D996-8A17-49CF-A9A2-46D8C244262D}.Release|x64.Build.0 = Release|x64
		{1AB0D996-8A17-49CF-A9A2-46D8C244262D}.Release|x86.ActiveCfg = Release|Win32
		{1AB0D996-8A17-49CF-A9A2-46D8C244262D}.Release|x86.Build.0 = Release|Win32
		{357944B0-FD38-4368-B8A5-F149250D398C}.Debug|Any CPU.ActiveCfg = Debug|Any CPU
		{357944B0-FD38-4368-B8A5-F149250D398C}.Debug|x64.ActiveCfg = Debug|Any CPU
		{357944B0-FD38-4368-B8A5-F149250D398C}.Debug|x86.ActiveCfg = Debug|Any CPU
		{357944B0-FD38-4368-B8A5-F149250D398C}.Release|Any CPU.ActiveCfg = Release|Any CPU
		{357944B0-FD38-4368-B8A5-F149250D398C}.Release|x64.ActiveCfg = Release|Any CPU
		{357944B0-FD38-4368-B8A5-F149250D398C}.Release|x86.ActiveCfg = Release|Any CPU
	EndGlobalSection
	GlobalSection(SolutionProperties) = preSolution
		HideSolutionNode = FALSE
	EndGlobalSection
	GlobalSection(ExtensibilityGlobals) = postSolution
		SolutionGuid = {D2E17540-5322-4C48-9AB0-344E58293970}
	EndGlobalSection
EndGlobal
